
Microsoft Visual Studio Solution File, Format Version 12.00
# Visual Studio Version 17
VisualStudioVersion = 17.1.32328.378
MinimumVisualStudioVersion = 10.0.40219.1
Project("{FAE04EC0-301F-11D3-BF4B-00C04F79EFBC}") = "Midmester", "Midmester\Midmester.csproj", "{312688E0-659F-40A7-B365-AF8C9174FA73}"
EndProject
Global
	GlobalSection(SolutionConfigurationPlatforms) = preSolution
		Debug|Any CPU = Debug|Any CPU
		Release|Any CPU = Release|Any CPU
	EndGlobalSection
	GlobalSection(ProjectConfigurationPlatforms) = postSolution
		{312688E0-659F-40A7-B365-AF8C9174FA73}.Debug|Any CPU.ActiveCfg = Debug|Any CPU
		{312688E0-659F-40A7-B365-AF8C9174FA73}.Debug|Any CPU.Build.0 = Debug|Any CPU
		{312688E0-659F-40A7-B365-AF8C9174FA73}.Release|Any CPU.ActiveCfg = Release|Any CPU
		{312688E0-659F-40A7-B365-AF8C9174FA73}.Release|Any CPU.Build.0 = Release|Any CPU
	EndGlobalSection
	GlobalSection(SolutionProperties) = preSolution
		HideSolutionNode = FALSE
	EndGlobalSection
	GlobalSection(ExtensibilityGlobals) = postSolution
		SolutionGuid = {A7689A03-2B6A-426D-BED9-6544370E1C60}
	EndGlobalSection
EndGlobal
